// !$*UTF8*$!
{
	archiveVersion = 1;
	classes = {
	};
	objectVersion = 46;
	objects = {

/* Begin PBXBuildFile section */
		C4765D9E1E811DD3002066BA /* AppDelegate.swift in Sources */ = {isa = PBXBuildFile; fileRef = C4765D9D1E811DD3002066BA /* AppDelegate.swift */; };
		C4765DA31E811DD3002066BA /* Main.storyboard in Resources */ = {isa = PBXBuildFile; fileRef = C4765DA11E811DD3002066BA /* Main.storyboard */; };
		C4765DA61E811DD3002066BA /* MyWallet.xcdatamodeld in Sources */ = {isa = PBXBuildFile; fileRef = C4765DA41E811DD3002066BA /* MyWallet.xcdatamodeld */; };
		C4765DA81E811DD3002066BA /* Assets.xcassets in Resources */ = {isa = PBXBuildFile; fileRef = C4765DA71E811DD3002066BA /* Assets.xcassets */; };
		C4765DAB1E811DD3002066BA /* LaunchScreen.storyboard in Resources */ = {isa = PBXBuildFile; fileRef = C4765DA91E811DD3002066BA /* LaunchScreen.storyboard */; };
		C4765DB61E812381002066BA /* Localizable.strings in Resources */ = {isa = PBXBuildFile; fileRef = C4765DB81E812381002066BA /* Localizable.strings */; };
		C4765DBD1E8125D7002066BA /* MainViewController.swift in Sources */ = {isa = PBXBuildFile; fileRef = C4765DBB1E8125D7002066BA /* MainViewController.swift */; };
		C4765DC21E814982002066BA /* PropertyTableViewController.swift in Sources */ = {isa = PBXBuildFile; fileRef = C4765DC11E814982002066BA /* PropertyTableViewController.swift */; };
		C4765DC51E822066002066BA /* ListTableViewController.swift in Sources */ = {isa = PBXBuildFile; fileRef = C4765DC41E822066002066BA /* ListTableViewController.swift */; };
		C4765DC81E822848002066BA /* Listitem.swift in Sources */ = {isa = PBXBuildFile; fileRef = C4765DC71E822848002066BA /* Listitem.swift */; };
/* End PBXBuildFile section */

/* Begin PBXFileReference section */
		C4765D9A1E811DD3002066BA /* MyWallet.app */ = {isa = PBXFileReference; explicitFileType = wrapper.application; includeInIndex = 0; path = MyWallet.app; sourceTree = BUILT_PRODUCTS_DIR; };
		C4765D9D1E811DD3002066BA /* AppDelegate.swift */ = {isa = PBXFileReference; lastKnownFileType = sourcecode.swift; path = AppDelegate.swift; sourceTree = "<group>"; };
		C4765DA21E811DD3002066BA /* Base */ = {isa = PBXFileReference; lastKnownFileType = file.storyboard; name = Base; path = Base.lproj/Main.storyboard; sourceTree = "<group>"; };
		C4765DA51E811DD3002066BA /* MyWallet.xcdatamodel */ = {isa = PBXFileReference; lastKnownFileType = wrapper.xcdatamodel; path = MyWallet.xcdatamodel; sourceTree = "<group>"; };
		C4765DA71E811DD3002066BA /* Assets.xcassets */ = {isa = PBXFileReference; lastKnownFileType = folder.assetcatalog; path = Assets.xcassets; sourceTree = "<group>"; };
		C4765DAA1E811DD3002066BA /* Base */ = {isa = PBXFileReference; lastKnownFileType = file.storyboard; name = Base; path = Base.lproj/LaunchScreen.storyboard; sourceTree = "<group>"; };
		C4765DAC1E811DD3002066BA /* Info.plist */ = {isa = PBXFileReference; lastKnownFileType = text.plist.xml; path = Info.plist; sourceTree = "<group>"; };
		C4765DB21E812223002066BA /* zh-Hans */ = {isa = PBXFileReference; lastKnownFileType = text.plist.strings; name = "zh-Hans"; path = "zh-Hans.lproj/Main.strings"; sourceTree = "<group>"; };
		C4765DB31E812223002066BA /* zh-Hans */ = {isa = PBXFileReference; lastKnownFileType = text.plist.strings; name = "zh-Hans"; path = "zh-Hans.lproj/LaunchScreen.strings"; sourceTree = "<group>"; };
		C4765DB71E812381002066BA /* Base */ = {isa = PBXFileReference; lastKnownFileType = text.plist.strings; name = Base; path = Base.lproj/Localizable.strings; sourceTree = "<group>"; };
		C4765DBA1E812391002066BA /* zh-Hans */ = {isa = PBXFileReference; lastKnownFileType = text.plist.strings; name = "zh-Hans"; path = "zh-Hans.lproj/Localizable.strings"; sourceTree = "<group>"; };
		C4765DBB1E8125D7002066BA /* MainViewController.swift */ = {isa = PBXFileReference; fileEncoding = 4; lastKnownFileType = sourcecode.swift; path = MainViewController.swift; sourceTree = "<group>"; };
		C4765DC11E814982002066BA /* PropertyTableViewController.swift */ = {isa = PBXFileReference; fileEncoding = 4; lastKnownFileType = sourcecode.swift; path = PropertyTableViewController.swift; sourceTree = "<group>"; };
		C4765DC41E822066002066BA /* ListTableViewController.swift */ = {isa = PBXFileReference; fileEncoding = 4; lastKnownFileType = sourcecode.swift; path = ListTableViewController.swift; sourceTree = "<group>"; };
		C4765DC71E822848002066BA /* Listitem.swift */ = {isa = PBXFileReference; fileEncoding = 4; lastKnownFileType = sourcecode.swift; path = Listitem.swift; sourceTree = "<group>"; };
/* End PBXFileReference section */

/* Begin PBXFrameworksBuildPhase section */
		C4765D971E811DD3002066BA /* Frameworks */ = {
			isa = PBXFrameworksBuildPhase;
			buildActionMask = 2147483647;
			files = (
			);
			runOnlyForDeploymentPostprocessing = 0;
		};
/* End PBXFrameworksBuildPhase section */

/* Begin PBXGroup section */
		C4765D911E811DD3002066BA = {
			isa = PBXGroup;
			children = (
				C4765D9C1E811DD3002066BA /* MyWallet */,
				C4765D9B1E811DD3002066BA /* Products */,
			);
			sourceTree = "<group>";
		};
		C4765D9B1E811DD3002066BA /* Products */ = {
			isa = PBXGroup;
			children = (
				C4765D9A1E811DD3002066BA /* MyWallet.app */,
			);
			name = Products;
			sourceTree = "<group>";
		};
		C4765D9C1E811DD3002066BA /* MyWallet */ = {
			isa = PBXGroup;
			children = (
				C4765DC61E822782002066BA /* Models */,
				C4765D9D1E811DD3002066BA /* AppDelegate.swift */,
				C4765DA11E811DD3002066BA /* Main.storyboard */,
				C4765DA71E811DD3002066BA /* Assets.xcassets */,
				C4765DA91E811DD3002066BA /* LaunchScreen.storyboard */,
				C4765DAC1E811DD3002066BA /* Info.plist */,
				C4765DA41E811DD3002066BA /* MyWallet.xcdatamodeld */,
				C4765DB81E812381002066BA /* Localizable.strings */,
				C4765DC31E815A2A002066BA /* Controllers */,
			);
			path = MyWallet;
			sourceTree = "<group>";
		};
		C4765DC31E815A2A002066BA /* Controllers */ = {
			isa = PBXGroup;
			children = (
				C4765DBB1E8125D7002066BA /* MainViewController.swift */,
				C4765DC11E814982002066BA /* PropertyTableViewController.swift */,
				C4765DC41E822066002066BA /* ListTableViewController.swift */,
			);
			name = Controllers;
			sourceTree = "<group>";
		};
		C4765DC61E822782002066BA /* Models */ = {
			isa = PBXGroup;
			children = (
				C4765DC71E822848002066BA /* Listitem.swift */,
			);
			name = Models;
			sourceTree = "<group>";
		};
/* End PBXGroup section */

/* Begin PBXNativeTarget section */
		C4765D991E811DD3002066BA /* MyWallet */ = {
			isa = PBXNativeTarget;
			buildConfigurationList = C4765DAF1E811DD3002066BA /* Build configuration list for PBXNativeTarget "MyWallet" */;
			buildPhases = (
				C4765D961E811DD3002066BA /* Sources */,
				C4765D971E811DD3002066BA /* Frameworks */,
				C4765D981E811DD3002066BA /* Resources */,
			);
			buildRules = (
			);
			dependencies = (
			);
			name = MyWallet;
			productName = MyWallet;
			productReference = C4765D9A1E811DD3002066BA /* MyWallet.app */;
			productType = "com.apple.product-type.application";
		};
/* End PBXNativeTarget section */

/* Begin PBXProject section */
		C4765D921E811DD3002066BA /* Project object */ = {
			isa = PBXProject;
			attributes = {
				LastSwiftUpdateCheck = 0820;
				LastUpgradeCheck = 0820;
				ORGANIZATIONNAME = "Jerry Su";
				TargetAttributes = {
					C4765D991E811DD3002066BA = {
						CreatedOnToolsVersion = 8.2.1;
						DevelopmentTeam = ZCZ85Z8LUT;
						ProvisioningStyle = Automatic;
					};
				};
			};
			buildConfigurationList = C4765D951E811DD3002066BA /* Build configuration list for PBXProject "MyWallet" */;
			compatibilityVersion = "Xcode 3.2";
			developmentRegion = English;
			hasScannedForEncodings = 0;
			knownRegions = (
				en,
				Base,
				"zh-Hans",
			);
			mainGroup = C4765D911E811DD3002066BA;
			productRefGroup = C4765D9B1E811DD3002066BA /* Products */;
			projectDirPath = "";
			projectRoot = "";
			targets = (
				C4765D991E811DD3002066BA /* MyWallet */,
			);
		};
/* End PBXProject section */

/* Begin PBXResourcesBuildPhase section */
		C4765D981E811DD3002066BA /* Resources */ = {
			isa = PBXResourcesBuildPhase;
			buildActionMask = 2147483647;
			files = (
				C4765DAB1E811DD3002066BA /* LaunchScreen.storyboard in Resources */,
				C4765DB61E812381002066BA /* Localizable.strings in Resources */,
				C4765DA81E811DD3002066BA /* Assets.xcassets in Resources */,
				C4765DA31E811DD3002066BA /* Main.storyboard in Resources */,
			);
			runOnlyForDeploymentPostprocessing = 0;
		};
/* End PBXResourcesBuildPhase section */

/* Begin PBXSourcesBuildPhase section */
		C4765D961E811DD3002066BA /* Sources */ = {
			isa = PBXSourcesBuildPhase;
			buildActionMask = 2147483647;
			files = (
				C4765DC21E814982002066BA /* PropertyTableViewController.swift in Sources */,
				C4765DA61E811DD3002066BA /* MyWallet.xcdatamodeld in Sources */,
				C4765DC81E822848002066BA /* Listitem.swift in Sources */,
				C4765D9E1E811DD3002066BA /* AppDelegate.swift in Sources */,
				C4765DC51E822066002066BA /* ListTableViewController.swift in Sources */,
				C4765DBD1E8125D7002066BA /* MainViewController.swift in Sources */,
			);
			runOnlyForDeploymentPostprocessing = 0;
		};
/* End PBXSourcesBuildPhase section */

/* Begin PBXVariantGroup section */
		C4765DA11E811DD3002066BA /* Main.storyboard */ = {
			isa = PBXVariantGroup;
			children = (
				C4765DA21E811DD3002066BA /* Base */,
				C4765DB21E812223002066BA /* zh-Hans */,
			);
			name = Main.storyboard;
			sourceTree = "<group>";
		};
		C4765DA91E811DD3002066BA /* LaunchScreen.storyboard */ = {
			isa = PBXVariantGroup;
			children = (
				C4765DAA1E811DD3002066BA /* Base */,
				C4765DB31E812223002066BA /* zh-Hans */,
			);
			name = LaunchScreen.storyboard;
			sourceTree = "<group>";
		};
		C4765DB81E812381002066BA /* Localizable.strings */ = {
			isa = PBXVariantGroup;
			children = (
				C4765DB71E812381002066BA /* Base */,
				C4765DBA1E812391002066BA /* zh-Hans */,
			);
			name = Localizable.strings;
			sourceTree = "<group>";
		};
/* End PBXVariantGroup section */

/* Begin XCBuildConfiguration section */
		C4765DAD1E811DD3002066BA /* Debug */ = {
			isa = XCBuildConfiguration;
			buildSettings = {
				ALWAYS_SEARCH_USER_PATHS = NO;
				CLANG_ANALYZER_LOCALIZABILITY_NONLOCALIZED = YES;
				CLANG_ANALYZER_NONNULL = YES;
				CLANG_CXX_LANGUAGE_STANDARD = "gnu++0x";
				CLANG_CXX_LIBRARY = "libc++";
				CLANG_ENABLE_MODULES = YES;
				CLANG_ENABLE_OBJC_ARC = YES;
				CLANG_WARN_BOOL_CONVERSION = YES;
				CLANG_WARN_CONSTANT_CONVERSION = YES;
				CLANG_WARN_DIRECT_OBJC_ISA_USAGE = YES_ERROR;
				CLANG_WARN_DOCUMENTATION_COMMENTS = YES;
				CLANG_WARN_EMPTY_BODY = YES;
				CLANG_WARN_ENUM_CONVERSION = YES;
				CLANG_WARN_INFINITE_RECURSION = YES;
				CLANG_WARN_INT_CONVERSION = YES;
				CLANG_WARN_OBJC_ROOT_CLASS = YES_ERROR;
				CLANG_WARN_SUSPICIOUS_MOVE = YES;
				CLANG_WARN_UNREACHABLE_CODE = YES;
				CLANG_WARN__DUPLICATE_METHOD_MATCH = YES;
				"CODE_SIGN_IDENTITY[sdk=iphoneos*]" = "iPhone Developer";
				COPY_PHASE_STRIP = NO;
				DEBUG_INFORMATION_FORMAT = dwarf;
				ENABLE_STRICT_OBJC_MSGSEND = YES;
				ENABLE_TESTABILITY = YES;
				GCC_C_LANGUAGE_STANDARD = gnu99;
				GCC_DYNAMIC_NO_PIC = NO;
				GCC_NO_COMMON_BLOCKS = YES;
				GCC_OPTIMIZATION_LEVEL = 0;
				GCC_PREPROCESSOR_DEFINITIONS = (
					"DEBUG=1",
					"$(inherited)",
				);
				GCC_WARN_64_TO_32_BIT_CONVERSION = YES;
				GCC_WARN_ABOUT_RETURN_TYPE = YES_ERROR;
				GCC_WARN_UNDECLARED_SELECTOR = YES;
				GCC_WARN_UNINITIALIZED_AUTOS = YES_AGGRESSIVE;
				GCC_WARN_UNUSED_FUNCTION = YES;
				GCC_WARN_UNUSED_VARIABLE = YES;
				IPHONEOS_DEPLOYMENT_TARGET = 10.2;
				MTL_ENABLE_DEBUG_INFO = YES;
				ONLY_ACTIVE_ARCH = YES;
				SDKROOT = iphoneos;
				SWIFT_ACTIVE_COMPILATION_CONDITIONS = DEBUG;
				SWIFT_OPTIMIZATION_LEVEL = "-Onone";
			};
			name = Debug;
		};
		C4765DAE1E811DD3002066BA /* Release */ = {
			isa = XCBuildConfiguration;
			buildSettings = {
				ALWAYS_SEARCH_USER_PATHS = NO;
				CLANG_ANALYZER_LOCALIZABILITY_NONLOCALIZED = YES;
				CLANG_ANALYZER_NONNULL = YES;
				CLANG_CXX_LANGUAGE_STANDARD = "gnu++0x";
				CLANG_CXX_LIBRARY = "libc++";
				CLANG_ENABLE_MODULES = YES;
				CLANG_ENABLE_OBJC_ARC = YES;
				CLANG_WARN_BOOL_CONVERSION = YES;
				CLANG_WARN_CONSTANT_CONVERSION = YES;
				CLANG_WARN_DIRECT_OBJC_ISA_USAGE = YES_ERROR;
				CLANG_WARN_DOCUMENTATION_COMMENTS = YES;
				CLANG_WARN_EMPTY_BODY = YES;
				CLANG_WARN_ENUM_CONVERSION = YES;
				CLANG_WARN_INFINITE_RECURSION = YES;
				CLANG_WARN_INT_CONVERSION = YES;
				CLANG_WARN_OBJC_ROOT_CLASS = YES_ERROR;
				CLANG_WARN_SUSPICIOUS_MOVE = YES;
				CLANG_WARN_UNREACHABLE_CODE = YES;
				CLANG_WARN__DUPLICATE_METHOD_MATCH = YES;
				"CODE_SIGN_IDENTITY[sdk=iphoneos*]" = "iPhone Developer";
				COPY_PHASE_STRIP = NO;
				DEBUG_INFORMATION_FORMAT = "dwarf-with-dsym";
				ENABLE_NS_ASSERTIONS = NO;
				ENABLE_STRICT_OBJC_MSGSEND = YES;
				GCC_C_LANGUAGE_STANDARD = gnu99;
				GCC_NO_COMMON_BLOCKS = YES;
				GCC_WARN_64_TO_32_BIT_CONVERSION = YES;
				GCC_WARN_ABOUT_RETURN_TYPE = YES_ERROR;
				GCC_WARN_UNDECLARED_SELECTOR = YES;
				GCC_WARN_UNINITIALIZED_AUTOS = YES_AGGRESSIVE;
				GCC_WARN_UNUSED_FUNCTION = YES;
				GCC_WARN_UNUSED_VARIABLE = YES;
				IPHONEOS_DEPLOYMENT_TARGET = 10.2;
				MTL_ENABLE_DEBUG_INFO = NO;
				SDKROOT = iphoneos;
				SWIFT_OPTIMIZATION_LEVEL = "-Owholemodule";
				VALIDATE_PRODUCT = YES;
			};
			name = Release;
		};
		C4765DB01E811DD3002066BA /* Debug */ = {
			isa = XCBuildConfiguration;
			buildSettings = {
				ASSETCATALOG_COMPILER_APPICON_NAME = AppIcon;
				DEVELOPMENT_TEAM = ZCZ85Z8LUT;
				INFOPLIST_FILE = MyWallet/Info.plist;
				LD_RUNPATH_SEARCH_PATHS = "$(inherited) @executable_path/Frameworks";
				PRODUCT_BUNDLE_IDENTIFIER = szp.MyWallet;
				PRODUCT_NAME = "$(TARGET_NAME)";
				SWIFT_VERSION = 3.0;
			};
			name = Debug;
		};
		C4765DB11E811DD3002066BA /* Release */ = {
			isa = XCBuildConfiguration;
			buildSettings = {
				ASSETCATALOG_COMPILER_APPICON_NAME = AppIcon;
				DEVELOPMENT_TEAM = ZCZ85Z8LUT;
				INFOPLIST_FILE = MyWallet/Info.plist;
				LD_RUNPATH_SEARCH_PATHS = "$(inherited) @executable_path/Frameworks";
				PRODUCT_BUNDLE_IDENTIFIER = szp.MyWallet;
				PRODUCT_NAME = "$(TARGET_NAME)";
				SWIFT_VERSION = 3.0;
			};
			name = Release;
		};
/* End XCBuildConfiguration section */

/* Begin XCConfigurationList section */
		C4765D951E811DD3002066BA /* Build configuration list for PBXProject "MyWallet" */ = {
			isa = XCConfigurationList;
			buildConfigurations = (
				C4765DAD1E811DD3002066BA /* Debug */,
				C4765DAE1E811DD3002066BA /* Release */,
			);
			defaultConfigurationIsVisible = 0;
			defaultConfigurationName = Release;
		};
		C4765DAF1E811DD3002066BA /* Build configuration list for PBXNativeTarget "MyWallet" */ = {
			isa = XCConfigurationList;
			buildConfigurations = (
				C4765DB01E811DD3002066BA /* Debug */,
				C4765DB11E811DD3002066BA /* Release */,
			);
			defaultConfigurationIsVisible = 0;
		};
/* End XCConfigurationList section */

/* Begin XCVersionGroup section */
		C4765DA41E811DD3002066BA /* MyWallet.xcdatamodeld */ = {
			isa = XCVersionGroup;
			children = (
				C4765DA51E811DD3002066BA /* MyWallet.xcdatamodel */,
			);
			currentVersion = C4765DA51E811DD3002066BA /* MyWallet.xcdatamodel */;
			path = MyWallet.xcdatamodeld;
			sourceTree = "<group>";
			versionGroupType = wrapper.xcdatamodel;
		};
/* End XCVersionGroup section */
	};
	rootObject = C4765D921E811DD3002066BA /* Project object */;
}
